// !$*UTF8*$!
{
	archiveVersion = 1;
	classes = {
	};
	objectVersion = 56;
	objects = {

/* Begin PBXBuildFile section */
		F648A5BC2A1E1EDA0081CDA6 /* GoodFruit.mp3 in Resources */ = {isa = PBXBuildFile; fileRef = F648A5BB2A1E1EDA0081CDA6 /* GoodFruit.mp3 */; };
		F648A5BF2A1E21420081CDA6 /* BadFruit.mp3 in Resources */ = {isa = PBXBuildFile; fileRef = F648A5BE2A1E21420081CDA6 /* BadFruit.mp3 */; };
		F648A5C12A1F10A10081CDA6 /* BackgroundMusic.mp3 in Resources */ = {isa = PBXBuildFile; fileRef = F648A5C02A1F10A10081CDA6 /* BackgroundMusic.mp3 */; };
		F6548EB92A1BC4F5000A7A32 /* NanoChallenge2App.swift in Sources */ = {isa = PBXBuildFile; fileRef = F6548EB82A1BC4F5000A7A32 /* NanoChallenge2App.swift */; };
		F6548EBB2A1BC4F5000A7A32 /* ContentView.swift in Sources */ = {isa = PBXBuildFile; fileRef = F6548EBA2A1BC4F5000A7A32 /* ContentView.swift */; };
		F6548EBD2A1BC4F6000A7A32 /* Assets.xcassets in Resources */ = {isa = PBXBuildFile; fileRef = F6548EBC2A1BC4F6000A7A32 /* Assets.xcassets */; };
		F6548EC02A1BC4F6000A7A32 /* Preview Assets.xcassets in Resources */ = {isa = PBXBuildFile; fileRef = F6548EBF2A1BC4F6000A7A32 /* Preview Assets.xcassets */; };
		F6548EC72A1BC56E000A7A32 /* ContentViewModel.swift in Sources */ = {isa = PBXBuildFile; fileRef = F6548EC62A1BC56E000A7A32 /* ContentViewModel.swift */; };
		F6548ECE2A1BC8B1000A7A32 /* WelcomeView.swift in Sources */ = {isa = PBXBuildFile; fileRef = F6548ECD2A1BC8B1000A7A32 /* WelcomeView.swift */; };
		F6548ED12A1BC97B000A7A32 /* AssetName.swift in Sources */ = {isa = PBXBuildFile; fileRef = F6548ED02A1BC97B000A7A32 /* AssetName.swift */; };
		F6548ED52A1C5F9A000A7A32 /* StringResource.swift in Sources */ = {isa = PBXBuildFile; fileRef = F6548ED42A1C5F9A000A7A32 /* StringResource.swift */; };
		F6548ED82A1C69B9000A7A32 /* GameplayView.swift in Sources */ = {isa = PBXBuildFile; fileRef = F6548ED72A1C69B9000A7A32 /* GameplayView.swift */; };
		F6548EDA2A1C98CB000A7A32 /* ResultsView.swift in Sources */ = {isa = PBXBuildFile; fileRef = F6548ED92A1C98CB000A7A32 /* ResultsView.swift */; };
/* End PBXBuildFile section */

/* Begin PBXFileReference section */
		F648A5BB2A1E1EDA0081CDA6 /* GoodFruit.mp3 */ = {isa = PBXFileReference; lastKnownFileType = audio.mp3; path = GoodFruit.mp3; sourceTree = "<group>"; };
		F648A5BE2A1E21420081CDA6 /* BadFruit.mp3 */ = {isa = PBXFileReference; lastKnownFileType = audio.mp3; path = BadFruit.mp3; sourceTree = "<group>"; };
		F648A5C02A1F10A10081CDA6 /* BackgroundMusic.mp3 */ = {isa = PBXFileReference; lastKnownFileType = audio.mp3; path = BackgroundMusic.mp3; sourceTree = "<group>"; };
		F6548EB52A1BC4F5000A7A32 /* NanoChallenge2.app */ = {isa = PBXFileReference; explicitFileType = wrapper.application; includeInIndex = 0; path = NanoChallenge2.app; sourceTree = BUILT_PRODUCTS_DIR; };
		F6548EB82A1BC4F5000A7A32 /* NanoChallenge2App.swift */ = {isa = PBXFileReference; lastKnownFileType = sourcecode.swift; path = NanoChallenge2App.swift; sourceTree = "<group>"; };
		F6548EBA2A1BC4F5000A7A32 /* ContentView.swift */ = {isa = PBXFileReference; lastKnownFileType = sourcecode.swift; path = ContentView.swift; sourceTree = "<group>"; };
		F6548EBC2A1BC4F6000A7A32 /* Assets.xcassets */ = {isa = PBXFileReference; lastKnownFileType = folder.assetcatalog; path = Assets.xcassets; sourceTree = "<group>"; };
		F6548EBF2A1BC4F6000A7A32 /* Preview Assets.xcassets */ = {isa = PBXFileReference; lastKnownFileType = folder.assetcatalog; path = "Preview Assets.xcassets"; sourceTree = "<group>"; };
		F6548EC62A1BC56E000A7A32 /* ContentViewModel.swift */ = {isa = PBXFileReference; lastKnownFileType = sourcecode.swift; path = ContentViewModel.swift; sourceTree = "<group>"; };
		F6548ECD2A1BC8B1000A7A32 /* WelcomeView.swift */ = {isa = PBXFileReference; lastKnownFileType = sourcecode.swift; path = WelcomeView.swift; sourceTree = "<group>"; };
		F6548ED02A1BC97B000A7A32 /* AssetName.swift */ = {isa = PBXFileReference; lastKnownFileType = sourcecode.swift; path = AssetName.swift; sourceTree = "<group>"; };
		F6548ED42A1C5F9A000A7A32 /* StringResource.swift */ = {isa = PBXFileReference; lastKnownFileType = sourcecode.swift; path = StringResource.swift; sourceTree = "<group>"; };
		F6548ED72A1C69B9000A7A32 /* GameplayView.swift */ = {isa = PBXFileReference; lastKnownFileType = sourcecode.swift; path = GameplayView.swift; sourceTree = "<group>"; };
		F6548ED92A1C98CB000A7A32 /* ResultsView.swift */ = {isa = PBXFileReference; lastKnownFileType = sourcecode.swift; path = ResultsView.swift; sourceTree = "<group>"; };
/* End PBXFileReference section */

/* Begin PBXFrameworksBuildPhase section */
		F6548EB22A1BC4F5000A7A32 /* Frameworks */ = {
			isa = PBXFrameworksBuildPhase;
			buildActionMask = 2147483647;
			files = (
			);
			runOnlyForDeploymentPostprocessing = 0;
		};
/* End PBXFrameworksBuildPhase section */

/* Begin PBXGroup section */
		F648A5BD2A1E1F540081CDA6 /* Audio */ = {
			isa = PBXGroup;
			children = (
				F648A5BE2A1E21420081CDA6 /* BadFruit.mp3 */,
				F648A5C02A1F10A10081CDA6 /* BackgroundMusic.mp3 */,
				F648A5BB2A1E1EDA0081CDA6 /* GoodFruit.mp3 */,
			);
			path = Audio;
			sourceTree = "<group>";
		};
		F6548EAC2A1BC4F5000A7A32 = {
			isa = PBXGroup;
			children = (
				F6548EB72A1BC4F5000A7A32 /* NanoChallenge2 */,
				F6548EB62A1BC4F5000A7A32 /* Products */,
			);
			sourceTree = "<group>";
		};
		F6548EB62A1BC4F5000A7A32 /* Products */ = {
			isa = PBXGroup;
			children = (
				F6548EB52A1BC4F5000A7A32 /* NanoChallenge2.app */,
			);
			name = Products;
			sourceTree = "<group>";
		};
		F6548EB72A1BC4F5000A7A32 /* NanoChallenge2 */ = {
			isa = PBXGroup;
			children = (
				F6548ED62A1C6942000A7A32 /* Application */,
				F6548ECF2A1BC943000A7A32 /* Resources */,
				F6548ECC2A1BC886000A7A32 /* Feature */,
				F6548EBE2A1BC4F6000A7A32 /* Preview Content */,
			);
			path = NanoChallenge2;
			sourceTree = "<group>";
		};
		F6548EBE2A1BC4F6000A7A32 /* Preview Content */ = {
			isa = PBXGroup;
			children = (
				F6548EBF2A1BC4F6000A7A32 /* Preview Assets.xcassets */,
			);
			path = "Preview Content";
			sourceTree = "<group>";
		};
		F6548EC82A1BC828000A7A32 /* Views */ = {
			isa = PBXGroup;
			children = (
				F6548ED32A1C5F70000A7A32 /* Screens */,
				F6548ED22A1C5F62000A7A32 /* Component */,
			);
			path = Views;
			sourceTree = "<group>";
		};
		F6548ECA2A1BC83F000A7A32 /* ViewModel */ = {
			isa = PBXGroup;
			children = (
				F6548EC62A1BC56E000A7A32 /* ContentViewModel.swift */,
			);
			path = ViewModel;
			sourceTree = "<group>";
		};
		F6548ECC2A1BC886000A7A32 /* Feature */ = {
			isa = PBXGroup;
			children = (
				F6548EC82A1BC828000A7A32 /* Views */,
				F6548ECA2A1BC83F000A7A32 /* ViewModel */,
			);
			path = Feature;
			sourceTree = "<group>";
		};
		F6548ECF2A1BC943000A7A32 /* Resources */ = {
			isa = PBXGroup;
			children = (
				F648A5BD2A1E1F540081CDA6 /* Audio */,
				F6548EBC2A1BC4F6000A7A32 /* Assets.xcassets */,
				F6548ED02A1BC97B000A7A32 /* AssetName.swift */,
				F6548ED42A1C5F9A000A7A32 /* StringResource.swift */,
			);
			path = Resources;
			sourceTree = "<group>";
		};
		F6548ED22A1C5F62000A7A32 /* Component */ = {
			isa = PBXGroup;
			children = (
			);
			path = Component;
			sourceTree = "<group>";
		};
		F6548ED32A1C5F70000A7A32 /* Screens */ = {
			isa = PBXGroup;
			children = (
				F6548ECD2A1BC8B1000A7A32 /* WelcomeView.swift */,
				F6548ED72A1C69B9000A7A32 /* GameplayView.swift */,
				F6548ED92A1C98CB000A7A32 /* ResultsView.swift */,
			);
			path = Screens;
			sourceTree = "<group>";
		};
		F6548ED62A1C6942000A7A32 /* Application */ = {
			isa = PBXGroup;
			children = (
				F6548EB82A1BC4F5000A7A32 /* NanoChallenge2App.swift */,
				F6548EBA2A1BC4F5000A7A32 /* ContentView.swift */,
			);
			path = Application;
			sourceTree = "<group>";
		};
/* End PBXGroup section */

/* Begin PBXNativeTarget section */
		F6548EB42A1BC4F5000A7A32 /* NanoChallenge2 */ = {
			isa = PBXNativeTarget;
			buildConfigurationList = F6548EC32A1BC4F6000A7A32 /* Build configuration list for PBXNativeTarget "NanoChallenge2" */;
			buildPhases = (
				F6548EB12A1BC4F5000A7A32 /* Sources */,
				F6548EB22A1BC4F5000A7A32 /* Frameworks */,
				F6548EB32A1BC4F5000A7A32 /* Resources */,
			);
			buildRules = (
			);
			dependencies = (
			);
			name = NanoChallenge2;
			productName = NanoChallenge2;
			productReference = F6548EB52A1BC4F5000A7A32 /* NanoChallenge2.app */;
			productType = "com.apple.product-type.application";
		};
/* End PBXNativeTarget section */

/* Begin PBXProject section */
		F6548EAD2A1BC4F5000A7A32 /* Project object */ = {
			isa = PBXProject;
			attributes = {
				BuildIndependentTargetsInParallel = 1;
				LastSwiftUpdateCheck = 1430;
				LastUpgradeCheck = 1430;
				TargetAttributes = {
					F6548EB42A1BC4F5000A7A32 = {
						CreatedOnToolsVersion = 14.3;
					};
				};
			};
			buildConfigurationList = F6548EB02A1BC4F5000A7A32 /* Build configuration list for PBXProject "NanoChallenge2" */;
			compatibilityVersion = "Xcode 14.0";
			developmentRegion = en;
			hasScannedForEncodings = 0;
			knownRegions = (
				en,
				Base,
			);
			mainGroup = F6548EAC2A1BC4F5000A7A32;
			productRefGroup = F6548EB62A1BC4F5000A7A32 /* Products */;
			projectDirPath = "";
			projectRoot = "";
			targets = (
				F6548EB42A1BC4F5000A7A32 /* NanoChallenge2 */,
			);
		};
/* End PBXProject section */

/* Begin PBXResourcesBuildPhase section */
		F6548EB32A1BC4F5000A7A32 /* Resources */ = {
			isa = PBXResourcesBuildPhase;
			buildActionMask = 2147483647;
			files = (
				F648A5BF2A1E21420081CDA6 /* BadFruit.mp3 in Resources */,
				F6548EC02A1BC4F6000A7A32 /* Preview Assets.xcassets in Resources */,
				F648A5C12A1F10A10081CDA6 /* BackgroundMusic.mp3 in Resources */,
				F648A5BC2A1E1EDA0081CDA6 /* GoodFruit.mp3 in Resources */,
				F6548EBD2A1BC4F6000A7A32 /* Assets.xcassets in Resources */,
			);
			runOnlyForDeploymentPostprocessing = 0;
		};
/* End PBXResourcesBuildPhase section */

/* Begin PBXSourcesBuildPhase section */
		F6548EB12A1BC4F5000A7A32 /* Sources */ = {
			isa = PBXSourcesBuildPhase;
			buildActionMask = 2147483647;
			files = (
				F6548ED52A1C5F9A000A7A32 /* StringResource.swift in Sources */,
				F6548EDA2A1C98CB000A7A32 /* ResultsView.swift in Sources */,
				F6548ECE2A1BC8B1000A7A32 /* WelcomeView.swift in Sources */,
				F6548EBB2A1BC4F5000A7A32 /* ContentView.swift in Sources */,
				F6548ED82A1C69B9000A7A32 /* GameplayView.swift in Sources */,
				F6548EC72A1BC56E000A7A32 /* ContentViewModel.swift in Sources */,
				F6548EB92A1BC4F5000A7A32 /* NanoChallenge2App.swift in Sources */,
				F6548ED12A1BC97B000A7A32 /* AssetName.swift in Sources */,
			);
			runOnlyForDeploymentPostprocessing = 0;
		};
/* End PBXSourcesBuildPhase section */

/* Begin XCBuildConfiguration section */
		F6548EC12A1BC4F6000A7A32 /* Debug */ = {
			isa = XCBuildConfiguration;
			buildSettings = {
				ALWAYS_SEARCH_USER_PATHS = NO;
				CLANG_ANALYZER_NONNULL = YES;
				CLANG_ANALYZER_NUMBER_OBJECT_CONVERSION = YES_AGGRESSIVE;
				CLANG_CXX_LANGUAGE_STANDARD = "gnu++20";
				CLANG_ENABLE_MODULES = YES;
				CLANG_ENABLE_OBJC_ARC = YES;
				CLANG_ENABLE_OBJC_WEAK = YES;
				CLANG_WARN_BLOCK_CAPTURE_AUTORELEASING = YES;
				CLANG_WARN_BOOL_CONVERSION = YES;
				CLANG_WARN_COMMA = YES;
				CLANG_WARN_CONSTANT_CONVERSION = YES;
				CLANG_WARN_DEPRECATED_OBJC_IMPLEMENTATIONS = YES;
				CLANG_WARN_DIRECT_OBJC_ISA_USAGE = YES_ERROR;
				CLANG_WARN_DOCUMENTATION_COMMENTS = YES;
				CLANG_WARN_EMPTY_BODY = YES;
				CLANG_WARN_ENUM_CONVERSION = YES;
				CLANG_WARN_INFINITE_RECURSION = YES;
				CLANG_WARN_INT_CONVERSION = YES;
				CLANG_WARN_NON_LITERAL_NULL_CONVERSION = YES;
				CLANG_WARN_OBJC_IMPLICIT_RETAIN_SELF = YES;
				CLANG_WARN_OBJC_LITERAL_CONVERSION = YES;
				CLANG_WARN_OBJC_ROOT_CLASS = YES_ERROR;
				CLANG_WARN_QUOTED_INCLUDE_IN_FRAMEWORK_HEADER = YES;
				CLANG_WARN_RANGE_LOOP_ANALYSIS = YES;
				CLANG_WARN_STRICT_PROTOTYPES = YES;
				CLANG_WARN_SUSPICIOUS_MOVE = YES;
				CLANG_WARN_UNGUARDED_AVAILABILITY = YES_AGGRESSIVE;
				CLANG_WARN_UNREACHABLE_CODE = YES;
				CLANG_WARN__DUPLICATE_METHOD_MATCH = YES;
				COPY_PHASE_STRIP = NO;
				DEBUG_INFORMATION_FORMAT = dwarf;
				ENABLE_STRICT_OBJC_MSGSEND = YES;
				ENABLE_TESTABILITY = YES;
				GCC_C_LANGUAGE_STANDARD = gnu11;
				GCC_DYNAMIC_NO_PIC = NO;
				GCC_NO_COMMON_BLOCKS = YES;
				GCC_OPTIMIZATION_LEVEL = 0;
				GCC_PREPROCESSOR_DEFINITIONS = (
					"DEBUG=1",
					"$(inherited)",
				);
				GCC_WARN_64_TO_32_BIT_CONVERSION = YES;
				GCC_WARN_ABOUT_RETURN_TYPE = YES_ERROR;
				GCC_WARN_UNDECLARED_SELECTOR = YES;
				GCC_WARN_UNINITIALIZED_AUTOS = YES_AGGRESSIVE;
				GCC_WARN_UNUSED_FUNCTION = YES;
				GCC_WARN_UNUSED_VARIABLE = YES;
				IPHONEOS_DEPLOYMENT_TARGET = 16.4;
				MTL_ENABLE_DEBUG_INFO = INCLUDE_SOURCE;
				MTL_FAST_MATH = YES;
				ONLY_ACTIVE_ARCH = YES;
				SDKROOT = iphoneos;
				SWIFT_ACTIVE_COMPILATION_CONDITIONS = DEBUG;
				SWIFT_OPTIMIZATION_LEVEL = "-Onone";
			};
			name = Debug;
		};
		F6548EC22A1BC4F6000A7A32 /* Release */ = {
			isa = XCBuildConfiguration;
			buildSettings = {
				ALWAYS_SEARCH_USER_PATHS = NO;
				CLANG_ANALYZER_NONNULL = YES;
				CLANG_ANALYZER_NUMBER_OBJECT_CONVERSION = YES_AGGRESSIVE;
				CLANG_CXX_LANGUAGE_STANDARD = "gnu++20";
				CLANG_ENABLE_MODULES = YES;
				CLANG_ENABLE_OBJC_ARC = YES;
				CLANG_ENABLE_OBJC_WEAK = YES;
				CLANG_WARN_BLOCK_CAPTURE_AUTORELEASING = YES;
				CLANG_WARN_BOOL_CONVERSION = YES;
				CLANG_WARN_COMMA = YES;
				CLANG_WARN_CONSTANT_CONVERSION = YES;
				CLANG_WARN_DEPRECATED_OBJC_IMPLEMENTATIONS = YES;
				CLANG_WARN_DIRECT_OBJC_ISA_USAGE = YES_ERROR;
				CLANG_WARN_DOCUMENTATION_COMMENTS = YES;
				CLANG_WARN_EMPTY_BODY = YES;
				CLANG_WARN_ENUM_CONVERSION = YES;
				CLANG_WARN_INFINITE_RECURSION = YES;
				CLANG_WARN_INT_CONVERSION = YES;
				CLANG_WARN_NON_LITERAL_NULL_CONVERSION = YES;
				CLANG_WARN_OBJC_IMPLICIT_RETAIN_SELF = YES;
				CLANG_WARN_OBJC_LITERAL_CONVERSION = YES;
				CLANG_WARN_OBJC_ROOT_CLASS = YES_ERROR;
				CLANG_WARN_QUOTED_INCLUDE_IN_FRAMEWORK_HEADER = YES;
				CLANG_WARN_RANGE_LOOP_ANALYSIS = YES;
				CLANG_WARN_STRICT_PROTOTYPES = YES;
				CLANG_WARN_SUSPICIOUS_MOVE = YES;
				CLANG_WARN_UNGUARDED_AVAILABILITY = YES_AGGRESSIVE;
				CLANG_WARN_UNREACHABLE_CODE = YES;
				CLANG_WARN__DUPLICATE_METHOD_MATCH = YES;
				COPY_PHASE_STRIP = NO;
				DEBUG_INFORMATION_FORMAT = "dwarf-with-dsym";
				ENABLE_NS_ASSERTIONS = NO;
				ENABLE_STRICT_OBJC_MSGSEND = YES;
				GCC_C_LANGUAGE_STANDARD = gnu11;
				GCC_NO_COMMON_BLOCKS = YES;
				GCC_WARN_64_TO_32_BIT_CONVERSION = YES;
				GCC_WARN_ABOUT_RETURN_TYPE = YES_ERROR;
				GCC_WARN_UNDECLARED_SELECTOR = YES;
				GCC_WARN_UNINITIALIZED_AUTOS = YES_AGGRESSIVE;
				GCC_WARN_UNUSED_FUNCTION = YES;
				GCC_WARN_UNUSED_VARIABLE = YES;
				IPHONEOS_DEPLOYMENT_TARGET = 16.4;
				MTL_ENABLE_DEBUG_INFO = NO;
				MTL_FAST_MATH = YES;
				SDKROOT = iphoneos;
				SWIFT_COMPILATION_MODE = wholemodule;
				SWIFT_OPTIMIZATION_LEVEL = "-O";
				VALIDATE_PRODUCT = YES;
			};
			name = Release;
		};
		F6548EC42A1BC4F6000A7A32 /* Debug */ = {
			isa = XCBuildConfiguration;
			buildSettings = {
				ASSETCATALOG_COMPILER_APPICON_NAME = AppIcon;
				ASSETCATALOG_COMPILER_GLOBAL_ACCENT_COLOR_NAME = AccentColor;
				CODE_SIGN_STYLE = Automatic;
				CURRENT_PROJECT_VERSION = 1;
				DEVELOPMENT_ASSET_PATHS = "\"NanoChallenge2/Preview Content\"";
				DEVELOPMENT_TEAM = RCY35MK3A6;
				ENABLE_PREVIEWS = YES;
				GENERATE_INFOPLIST_FILE = YES;
				INFOPLIST_KEY_CFBundleDisplayName = "Tom's Fruit Rescue";
				INFOPLIST_KEY_LSApplicationCategoryType = "public.app-category.kids-games";
				INFOPLIST_KEY_UIApplicationSceneManifest_Generation = YES;
				INFOPLIST_KEY_UIApplicationSupportsIndirectInputEvents = YES;
				INFOPLIST_KEY_UILaunchScreen_Generation = YES;
				INFOPLIST_KEY_UIStatusBarStyle = "";
				INFOPLIST_KEY_UISupportedInterfaceOrientations = UIInterfaceOrientationPortrait;
				INFOPLIST_KEY_UISupportedInterfaceOrientations_iPad = "UIInterfaceOrientationLandscapeLeft UIInterfaceOrientationLandscapeRight UIInterfaceOrientationPortrait UIInterfaceOrientationPortraitUpsideDown";
				LD_RUNPATH_SEARCH_PATHS = (
					"$(inherited)",
					"@executable_path/Frameworks",
				);
				MARKETING_VERSION = 1.0;
				PRODUCT_BUNDLE_IDENTIFIER = "com.clara.toms-fruit-rescue";
				PRODUCT_NAME = "$(TARGET_NAME)";
				SUPPORTED_PLATFORMS = "iphoneos iphonesimulator";
				SUPPORTS_MACCATALYST = NO;
				SUPPORTS_MAC_DESIGNED_FOR_IPHONE_IPAD = NO;
				SWIFT_EMIT_LOC_STRINGS = YES;
				SWIFT_VERSION = 5.0;
				TARGETED_DEVICE_FAMILY = 1;
			};
			name = Debug;
		};
		F6548EC52A1BC4F6000A7A32 /* Release */ = {
			isa = XCBuildConfiguration;
			buildSettings = {
				ASSETCATALOG_COMPILER_APPICON_NAME = AppIcon;
				ASSETCATALOG_COMPILER_GLOBAL_ACCENT_COLOR_NAME = AccentColor;
				CODE_SIGN_STYLE = Automatic;
				CURRENT_PROJECT_VERSION = 1;
				DEVELOPMENT_ASSET_PATHS = "\"NanoChallenge2/Preview Content\"";
				DEVELOPMENT_TEAM = RCY35MK3A6;
				ENABLE_PREVIEWS = YES;
				GENERATE_INFOPLIST_FILE = YES;
				INFOPLIST_KEY_CFBundleDisplayName = "Tom's Fruit Rescue";
				INFOPLIST_KEY_LSApplicationCategoryType = "public.app-category.kids-games";
				INFOPLIST_KEY_UIApplicationSceneManifest_Generation = YES;
				INFOPLIST_KEY_UIApplicationSupportsIndirectInputEvents = YES;
				INFOPLIST_KEY_UILaunchScreen_Generation = YES;
				INFOPLIST_KEY_UIStatusBarStyle = "";
				INFOPLIST_KEY_UISupportedInterfaceOrientations = UIInterfaceOrientationPortrait;
				INFOPLIST_KEY_UISupportedInterfaceOrientations_iPad = "UIInterfaceOrientationLandscapeLeft UIInterfaceOrientationLandscapeRight UIInterfaceOrientationPortrait UIInterfaceOrientationPortraitUpsideDown";
				LD_RUNPATH_SEARCH_PATHS = (
					"$(inherited)",
					"@executable_path/Frameworks",
				);
				MARKETING_VERSION = 1.0;
				PRODUCT_BUNDLE_IDENTIFIER = "com.clara.toms-fruit-rescue";
				PRODUCT_NAME = "$(TARGET_NAME)";
				SUPPORTED_PLATFORMS = "iphoneos iphonesimulator";
				SUPPORTS_MACCATALYST = NO;
				SUPPORTS_MAC_DESIGNED_FOR_IPHONE_IPAD = NO;
				SWIFT_EMIT_LOC_STRINGS = YES;
				SWIFT_VERSION = 5.0;
				TARGETED_DEVICE_FAMILY = 1;
			};
			name = Release;
		};
/* End XCBuildConfiguration section */

/* Begin XCConfigurationList section */
		F6548EB02A1BC4F5000A7A32 /* Build configuration list for PBXProject "NanoChallenge2" */ = {
			isa = XCConfigurationList;
			buildConfigurations = (
				F6548EC12A1BC4F6000A7A32 /* Debug */,
				F6548EC22A1BC4F6000A7A32 /* Release */,
			);
			defaultConfigurationIsVisible = 0;
			defaultConfigurationName = Release;
		};
		F6548EC32A1BC4F6000A7A32 /* Build configuration list for PBXNativeTarget "NanoChallenge2" */ = {
			isa = XCConfigurationList;
			buildConfigurations = (
				F6548EC42A1BC4F6000A7A32 /* Debug */,
				F6548EC52A1BC4F6000A7A32 /* Release */,
			);
			defaultConfigurationIsVisible = 0;
			defaultConfigurationName = Release;
		};
/* End XCConfigurationList section */
	};
	rootObject = F6548EAD2A1BC4F5000A7A32 /* Project object */;
}
